
Microsoft Visual Studio Solution File, Format Version 11.00
# Visual Studio 2010
Project("{FAE04EC0-301F-11D3-BF4B-00C04F79EFBC}") = "tesis", "Assembly-CSharp.csproj", "{59C8D72F-3B81-23D9-CE59-FF2E9F504908}"
EndProject
Global
	GlobalSection(SolutionConfigurationPlatforms) = preSolution
		Debug|Any CPU = Debug|Any CPU
		Release|Any CPU = Release|Any CPU
	EndGlobalSection
	GlobalSection(ProjectConfigurationPlatforms) = postSolution
		{59C8D72F-3B81-23D9-CE59-FF2E9F504908}.Debug|Any CPU.ActiveCfg = Debug|Any CPU
		{59C8D72F-3B81-23D9-CE59-FF2E9F504908}.Debug|Any CPU.Build.0 = Debug|Any CPU
		{59C8D72F-3B81-23D9-CE59-FF2E9F504908}.Release|Any CPU.ActiveCfg = Release|Any CPU
		{59C8D72F-3B81-23D9-CE59-FF2E9F504908}.Release|Any CPU.Build.0 = Release|Any CPU
	EndGlobalSection
	GlobalSection(SolutionProperties) = preSolution
		HideSolutionNode = FALSE
	EndGlobalSection
	GlobalSection(MonoDevelopProperties) = preSolution
		StartupItem = Assembly-CSharp.csproj
	EndGlobalSection
EndGlobal
